
Microsoft Visual Studio Solution File, Format Version 12.00
# Visual Studio Version 17
VisualStudioVersion = 17.14.36915.13 d17.14
MinimumVisualStudioVersion = 10.0.40219.1
Project("{8BC9CEB8-8B4A-11D0-8D11-00A0C91BC942}") = "Random_Numbers_and_Arrays_in_Cpp", "Random_Numbers_and_Arrays_in_Cpp.vcxproj", "{A13E67C9-680F-4A15-8251-E3A383C32B5D}"
EndProject
Global
	GlobalSection(SolutionConfigurationPlatforms) = preSolution
		Debug|x64 = Debug|x64
		Debug|x86 = Debug|x86
		Release|x64 = Release|x64
		Release|x86 = Release|x86
	EndGlobalSection
	GlobalSection(ProjectConfigurationPlatforms) = postSolution
		{A13E67C9-680F-4A15-8251-E3A383C32B5D}.Debug|x64.ActiveCfg = Debug|x64
		{A13E67C9-680F-4A15-8251-E3A383C32B5D}.Debug|x64.Build.0 = Debug|x64
		{A13E67C9-680F-4A15-8251-E3A383C32B5D}.Debug|x86.ActiveCfg = Debug|Win32
		{A13E67C9-680F-4A15-8251-E3A383C32B5D}.Debug|x86.Build.0 = Debug|Win32
		{A13E67C9-680F-4A15-8251-E3A383C32B5D}.Release|x64.ActiveCfg = Release|x64
		{A13E67C9-680F-4A15-8251-E3A383C32B5D}.Release|x64.Build.0 = Release|x64
		{A13E67C9-680F-4A15-8251-E3A383C32B5D}.Release|x86.ActiveCfg = Release|Win32
		{A13E67C9-680F-4A15-8251-E3A383C32B5D}.Release|x86.Build.0 = Release|Win32
	EndGlobalSection
	GlobalSection(SolutionProperties) = preSolution
		HideSolutionNode = FALSE
	EndGlobalSection
	GlobalSection(ExtensibilityGlobals) = postSolution
		SolutionGuid = {06EC3E54-38D5-43E6-8C36-55F5AC6A4977}
	EndGlobalSection
EndGlobal
